
Microsoft Visual Studio Solution File, Format Version 12.00
# Visual Studio Version 16
VisualStudioVersion = 16.0.30204.135
MinimumVisualStudioVersion = 10.0.40219.1
Project("{FAE04EC0-301F-11D3-BF4B-00C04F79EFBC}") = "Notebook", "Notebook.csproj", "{F2376F6C-7940-4525-8053-618D61F0188A}"
EndProject
Global
	GlobalSection(SolutionConfigurationPlatforms) = preSolution
		Debug|Any CPU = Debug|Any CPU
		Release|Any CPU = Release|Any CPU
	EndGlobalSection
	GlobalSection(ProjectConfigurationPlatforms) = postSolution
		{F2376F6C-7940-4525-8053-618D61F0188A}.Debug|Any CPU.ActiveCfg = Debug|Any CPU
		{F2376F6C-7940-4525-8053-618D61F0188A}.Debug|Any CPU.Build.0 = Debug|Any CPU
		{F2376F6C-7940-4525-8053-618D61F0188A}.Release|Any CPU.ActiveCfg = Release|Any CPU
		{F2376F6C-7940-4525-8053-618D61F0188A}.Release|Any CPU.Build.0 = Release|Any CPU
	EndGlobalSection
	GlobalSection(SolutionProperties) = preSolution
		HideSolutionNode = FALSE
	EndGlobalSection
	GlobalSection(ExtensibilityGlobals) = postSolution
		SolutionGuid = {3B6F39A4-8167-482E-91F1-E7EEEE9A5AC3}
	EndGlobalSection
EndGlobal
